
Microsoft Visual Studio Solution File, Format Version 12.00
# Visual Studio Version 17
VisualStudioVersion = 17.6.33801.468
MinimumVisualStudioVersion = 10.0.40219.1
Project("{9A19103F-16F7-4668-BE54-9A1E7A4F7556}") = "Console test task", "Console test task.csproj", "{927974A3-2F89-4E4D-AF10-3D02D06AADB9}"
EndProject
Project("{FAE04EC0-301F-11D3-BF4B-00C04F79EFBC}") = "Wh.Tests", "..\Wh.Tests\Wh.Tests.csproj", "{CDC4E2EE-BC25-46AD-A46B-5632BF4A8509}"
EndProject
Global
	GlobalSection(SolutionConfigurationPlatforms) = preSolution
		Debug|Any CPU = Debug|Any CPU
		Release|Any CPU = Release|Any CPU
	EndGlobalSection
	GlobalSection(ProjectConfigurationPlatforms) = postSolution
		{927974A3-2F89-4E4D-AF10-3D02D06AADB9}.Debug|Any CPU.ActiveCfg = Debug|Any CPU
		{927974A3-2F89-4E4D-AF10-3D02D06AADB9}.Debug|Any CPU.Build.0 = Debug|Any CPU
		{927974A3-2F89-4E4D-AF10-3D02D06AADB9}.Release|Any CPU.ActiveCfg = Release|Any CPU
		{927974A3-2F89-4E4D-AF10-3D02D06AADB9}.Release|Any CPU.Build.0 = Release|Any CPU
		{CDC4E2EE-BC25-46AD-A46B-5632BF4A8509}.Debug|Any CPU.ActiveCfg = Debug|Any CPU
		{CDC4E2EE-BC25-46AD-A46B-5632BF4A8509}.Debug|Any CPU.Build.0 = Debug|Any CPU
		{CDC4E2EE-BC25-46AD-A46B-5632BF4A8509}.Release|Any CPU.ActiveCfg = Release|Any CPU
		{CDC4E2EE-BC25-46AD-A46B-5632BF4A8509}.Release|Any CPU.Build.0 = Release|Any CPU
	EndGlobalSection
	GlobalSection(SolutionProperties) = preSolution
		HideSolutionNode = FALSE
	EndGlobalSection
	GlobalSection(ExtensibilityGlobals) = postSolution
		SolutionGuid = {3ED8B6CE-85F0-477F-9B5B-DA830CF87E70}
	EndGlobalSection
EndGlobal
